{
  "version": 1,
  "dependencies": {
    ".NETFramework,Version=v4.8": {
      "Krafs.Publicizer": {
        "type": "Direct",
        "requested": "[2.3.0, )",
        "resolved": "2.3.0",
        "contentHash": "DjktTgctwxUMhMkWKrRECer3LR1lHzanCOlE4mpinAiY8SfWJq4DG/QitP5h1A+WBjyWHzQSOG+204i3VpO1FA=="
      },
      "KSPBuildTools": {
        "type": "Direct",
        "requested": "[1.1.1, )",
        "resolved": "1.1.1",
        "contentHash": "Cw3bES8zmfApzecdBLAsKyDVOgNqmjYruhyBq/u1XnO8N2ypN03iSW0OdN3dYoS+huboNffvDnf0u+diPagrJA==",
        "dependencies": {
          "JsonPoke": "1.2.0"
        }
      },
      "SharpDX": {
        "type": "Direct",
        "requested": "[4.2.0, )",
        "resolved": "4.2.0",
        "contentHash": "3pv0LFMvfK/dv1qISJnn8xBeeT6R/FRvr0EV4KI2DGsL84Qlv6P7isWqxGyU0LCwlSVCJN3jgHJ4Bl0KI2PJww=="
      },
      "SharpDX.Direct3D11": {
        "type": "Direct",
        "requested": "[4.2.0, )",
        "resolved": "4.2.0",
        "contentHash": "oTm/iT5X/IIuJ8kNYP+DTC/MhBhqtRF5dbgPPFgLBdQv0BKzNTzXQQXd7SveBFjQg6hXEAJ2jGCAzNYvGFc9LA==",
        "dependencies": {
          "SharpDX": "4.2.0",
          "SharpDX.DXGI": "4.2.0"
        }
      },
      "SharpDX.DXGI": {
        "type": "Direct",
        "requested": "[4.2.0, )",
        "resolved": "4.2.0",
        "contentHash": "UjKqkgWc8U+SP+j3LBzFP6OB6Ntapjih7Xo+g1rLcsGbIb5KwewBrBChaUu7sil8rWoeVU/k0EJd3SMN4VqNZw==",
        "dependencies": {
          "SharpDX": "4.2.0"
        }
      },
      "JsonPoke": {
        "type": "Transitive",
        "resolved": "1.2.0",
        "contentHash": "AW7iyzudTA4VzW3pYjTzy+MucrF+wUWKQulqx/EnqvlqLwVseNk2nqlWpTRySItQCgBv0w7o/dqTN4wj0tWJhA=="
      }
    }
  }
}